
Microsoft Visual Studio Solution File, Format Version 12.00
# Visual Studio 2012
Project("{FAE04EC0-301F-11D3-BF4B-00C04F79EFBC}") = "WCFTestApplication", "WCFTestApplication\WCFTestApplication.csproj", "{4521B435-FAF4-4D81-9F5C-0941C907E22F}"
EndProject
Project("{FAE04EC0-301F-11D3-BF4B-00C04F79EFBC}") = "WCFClientApplication", "WCFClientApplication\WCFClientApplication.csproj", "{1AE200FE-9A95-4521-BF41-CCC127FE2376}"
EndProject
Global
	GlobalSection(SolutionConfigurationPlatforms) = preSolution
		Debug|Any CPU = Debug|Any CPU
		Release|Any CPU = Release|Any CPU
	EndGlobalSection
	GlobalSection(ProjectConfigurationPlatforms) = postSolution
		{4521B435-FAF4-4D81-9F5C-0941C907E22F}.Debug|Any CPU.ActiveCfg = Debug|Any CPU
		{4521B435-FAF4-4D81-9F5C-0941C907E22F}.Debug|Any CPU.Build.0 = Debug|Any CPU
		{4521B435-FAF4-4D81-9F5C-0941C907E22F}.Release|Any CPU.ActiveCfg = Release|Any CPU
		{4521B435-FAF4-4D81-9F5C-0941C907E22F}.Release|Any CPU.Build.0 = Release|Any CPU
		{1AE200FE-9A95-4521-BF41-CCC127FE2376}.Debug|Any CPU.ActiveCfg = Debug|Any CPU
		{1AE200FE-9A95-4521-BF41-CCC127FE2376}.Debug|Any CPU.Build.0 = Debug|Any CPU
		{1AE200FE-9A95-4521-BF41-CCC127FE2376}.Release|Any CPU.ActiveCfg = Release|Any CPU
		{1AE200FE-9A95-4521-BF41-CCC127FE2376}.Release|Any CPU.Build.0 = Release|Any CPU
	EndGlobalSection
	GlobalSection(SolutionProperties) = preSolution
		HideSolutionNode = FALSE
	EndGlobalSection
EndGlobal
